
Microsoft Visual Studio Solution File, Format Version 12.00
# Visual Studio Version 16
VisualStudioVersion = 16.0.30907.101
MinimumVisualStudioVersion = 10.0.40219.1
Project("{FAE04EC0-301F-11D3-BF4B-00C04F79EFBC}") = "GAC.GerenciadorDeAtividade.Api", "GAC.GerenciadorDeAtividade.Api\GAC.GerenciadorDeAtividade.Api.csproj", "{4944999F-3F0E-40BB-BA6A-19D2BC3E9CF2}"
EndProject
Project("{FAE04EC0-301F-11D3-BF4B-00C04F79EFBC}") = "GAC.GerenciaDeAtividade.Dto", "GAC.GerenciaDeAtividade.Dto\GAC.GerenciaDeAtividade.Dto.csproj", "{98CC979B-60A9-4808-B4C9-7FD93AED263C}"
EndProject
Global
	GlobalSection(SolutionConfigurationPlatforms) = preSolution
		Debug|Any CPU = Debug|Any CPU
		Release|Any CPU = Release|Any CPU
	EndGlobalSection
	GlobalSection(ProjectConfigurationPlatforms) = postSolution
		{4944999F-3F0E-40BB-BA6A-19D2BC3E9CF2}.Debug|Any CPU.ActiveCfg = Debug|Any CPU
		{4944999F-3F0E-40BB-BA6A-19D2BC3E9CF2}.Debug|Any CPU.Build.0 = Debug|Any CPU
		{4944999F-3F0E-40BB-BA6A-19D2BC3E9CF2}.Release|Any CPU.ActiveCfg = Release|Any CPU
		{4944999F-3F0E-40BB-BA6A-19D2BC3E9CF2}.Release|Any CPU.Build.0 = Release|Any CPU
		{98CC979B-60A9-4808-B4C9-7FD93AED263C}.Debug|Any CPU.ActiveCfg = Debug|Any CPU
		{98CC979B-60A9-4808-B4C9-7FD93AED263C}.Debug|Any CPU.Build.0 = Debug|Any CPU
		{98CC979B-60A9-4808-B4C9-7FD93AED263C}.Release|Any CPU.ActiveCfg = Release|Any CPU
		{98CC979B-60A9-4808-B4C9-7FD93AED263C}.Release|Any CPU.Build.0 = Release|Any CPU
	EndGlobalSection
	GlobalSection(SolutionProperties) = preSolution
		HideSolutionNode = FALSE
	EndGlobalSection
	GlobalSection(ExtensibilityGlobals) = postSolution
		SolutionGuid = {7DCB2802-7877-46B8-B8EA-757C2576E268}
	EndGlobalSection
EndGlobal
